
Microsoft Visual Studio Solution File, Format Version 12.00
# Visual Studio Version 17
VisualStudioVersion = 17.0.32014.148
MinimumVisualStudioVersion = 10.0.40219.1
Project("{FAE04EC0-301F-11D3-BF4B-00C04F79EFBC}") = "ChallengersTracker", "ChallengersTracker\ChallengersTracker.csproj", "{DBCF9AE6-4BE9-4214-8D97-C989C85060A3}"
EndProject
Global
	GlobalSection(SolutionConfigurationPlatforms) = preSolution
		Debug|Any CPU = Debug|Any CPU
		Release|Any CPU = Release|Any CPU
	EndGlobalSection
	GlobalSection(ProjectConfigurationPlatforms) = postSolution
		{DBCF9AE6-4BE9-4214-8D97-C989C85060A3}.Debug|Any CPU.ActiveCfg = Debug|Any CPU
		{DBCF9AE6-4BE9-4214-8D97-C989C85060A3}.Debug|Any CPU.Build.0 = Debug|Any CPU
		{DBCF9AE6-4BE9-4214-8D97-C989C85060A3}.Release|Any CPU.ActiveCfg = Release|Any CPU
		{DBCF9AE6-4BE9-4214-8D97-C989C85060A3}.Release|Any CPU.Build.0 = Release|Any CPU
	EndGlobalSection
	GlobalSection(SolutionProperties) = preSolution
		HideSolutionNode = FALSE
	EndGlobalSection
	GlobalSection(ExtensibilityGlobals) = postSolution
		SolutionGuid = {2B0AC1B0-E0BF-4D7A-B16C-F366319074D2}
	EndGlobalSection
EndGlobal
